
Microsoft Visual Studio Solution File, Format Version 12.00
# Visual Studio 15
VisualStudioVersion = 15.0.27130.2020
MinimumVisualStudioVersion = 10.0.40219.1
Project("{F2A71F9B-5D33-465A-A702-920D77279786}") = "BasicIO", "ConsoleApp1\BasicIO.fsproj", "{6EEC6D7F-765A-48A4-8A03-9A49428BC7F9}"
EndProject
Project("{F2A71F9B-5D33-465A-A702-920D77279786}") = "Magical Word", "Magical Word\Magical Word.fsproj", "{EDDE2466-7154-43E7-9DBB-4B154EE57B89}"
EndProject
Global
	GlobalSection(SolutionConfigurationPlatforms) = preSolution
		Debug|Any CPU = Debug|Any CPU
		Release|Any CPU = Release|Any CPU
	EndGlobalSection
	GlobalSection(ProjectConfigurationPlatforms) = postSolution
		{6EEC6D7F-765A-48A4-8A03-9A49428BC7F9}.Debug|Any CPU.ActiveCfg = Debug|Any CPU
		{6EEC6D7F-765A-48A4-8A03-9A49428BC7F9}.Debug|Any CPU.Build.0 = Debug|Any CPU
		{6EEC6D7F-765A-48A4-8A03-9A49428BC7F9}.Release|Any CPU.ActiveCfg = Release|Any CPU
		{6EEC6D7F-765A-48A4-8A03-9A49428BC7F9}.Release|Any CPU.Build.0 = Release|Any CPU
		{EDDE2466-7154-43E7-9DBB-4B154EE57B89}.Debug|Any CPU.ActiveCfg = Debug|Any CPU
		{EDDE2466-7154-43E7-9DBB-4B154EE57B89}.Debug|Any CPU.Build.0 = Debug|Any CPU
		{EDDE2466-7154-43E7-9DBB-4B154EE57B89}.Release|Any CPU.ActiveCfg = Release|Any CPU
		{EDDE2466-7154-43E7-9DBB-4B154EE57B89}.Release|Any CPU.Build.0 = Release|Any CPU
	EndGlobalSection
	GlobalSection(SolutionProperties) = preSolution
		HideSolutionNode = FALSE
	EndGlobalSection
	GlobalSection(ExtensibilityGlobals) = postSolution
		SolutionGuid = {0BE148F1-7D91-40B1-BCE6-3D6FD510CC69}
	EndGlobalSection
EndGlobal
